
Microsoft Visual Studio Solution File, Format Version 12.00
# Visual Studio Version 17
VisualStudioVersion = 17.8.34408.163
MinimumVisualStudioVersion = 10.0.40219.1
Project("{9A19103F-16F7-4668-BE54-9A1E7A4F7556}") = "JhikimikiNew", "JhikimikiNew\JhikimikiNew.csproj", "{FF338F6D-7947-41D1-BA0D-C6CB24BC7440}"
EndProject
Project("{54435603-DBB4-11D2-8724-00A0C9A8B90C}") = "Setup1", "Setup1\Setup1.vdproj", "{525B5998-0F02-4B3D-8356-276930B18951}"
EndProject
Global
	GlobalSection(SolutionConfigurationPlatforms) = preSolution
		Debug|Any CPU = Debug|Any CPU
		Release|Any CPU = Release|Any CPU
	EndGlobalSection
	GlobalSection(ProjectConfigurationPlatforms) = postSolution
		{FF338F6D-7947-41D1-BA0D-C6CB24BC7440}.Debug|Any CPU.ActiveCfg = Debug|Any CPU
		{FF338F6D-7947-41D1-BA0D-C6CB24BC7440}.Debug|Any CPU.Build.0 = Debug|Any CPU
		{FF338F6D-7947-41D1-BA0D-C6CB24BC7440}.Release|Any CPU.ActiveCfg = Release|Any CPU
		{FF338F6D-7947-41D1-BA0D-C6CB24BC7440}.Release|Any CPU.Build.0 = Release|Any CPU
		{525B5998-0F02-4B3D-8356-276930B18951}.Debug|Any CPU.ActiveCfg = Debug
		{525B5998-0F02-4B3D-8356-276930B18951}.Release|Any CPU.ActiveCfg = Release
	EndGlobalSection
	GlobalSection(SolutionProperties) = preSolution
		HideSolutionNode = FALSE
	EndGlobalSection
	GlobalSection(ExtensibilityGlobals) = postSolution
		SolutionGuid = {0B1391CD-D544-41E2-8F10-496636B215DF}
	EndGlobalSection
EndGlobal
